
Microsoft Visual Studio Solution File, Format Version 12.00
# Visual Studio 2012
Project("{8BC9CEB8-8B4A-11D0-8D11-00A0C91BC942}") = "DukeSpookem3D", "DukeSpookem3D\DukeSpookem3D.vcxproj", "{75FD14C1-381A-47DF-8C27-62C669758609}"
EndProject
Global
	GlobalSection(SolutionConfigurationPlatforms) = preSolution
		Debug|Win32 = Debug|Win32
		Release|Win32 = Release|Win32
	EndGlobalSection
	GlobalSection(ProjectConfigurationPlatforms) = postSolution
		{75FD14C1-381A-47DF-8C27-62C669758609}.Debug|Win32.ActiveCfg = Debug|Win32
		{75FD14C1-381A-47DF-8C27-62C669758609}.Debug|Win32.Build.0 = Debug|Win32
		{75FD14C1-381A-47DF-8C27-62C669758609}.Release|Win32.ActiveCfg = Release|Win32
		{75FD14C1-381A-47DF-8C27-62C669758609}.Release|Win32.Build.0 = Release|Win32
	EndGlobalSection
	GlobalSection(SolutionProperties) = preSolution
		HideSolutionNode = FALSE
	EndGlobalSection
EndGlobal
